
Microsoft Visual Studio Solution File, Format Version 12.00
# Visual Studio Version 17
VisualStudioVersion = 17.4.33213.308
MinimumVisualStudioVersion = 10.0.40219.1
Project("{FAE04EC0-301F-11D3-BF4B-00C04F79EFBC}") = "ActivSumasHilos", "ActivSumasHilos.csproj", "{BE5AD35F-653B-4A6D-AF41-E0EF20BBE8F4}"
EndProject
Global
	GlobalSection(SolutionConfigurationPlatforms) = preSolution
		Debug|Any CPU = Debug|Any CPU
		Release|Any CPU = Release|Any CPU
	EndGlobalSection
	GlobalSection(ProjectConfigurationPlatforms) = postSolution
		{BE5AD35F-653B-4A6D-AF41-E0EF20BBE8F4}.Debug|Any CPU.ActiveCfg = Debug|Any CPU
		{BE5AD35F-653B-4A6D-AF41-E0EF20BBE8F4}.Debug|Any CPU.Build.0 = Debug|Any CPU
		{BE5AD35F-653B-4A6D-AF41-E0EF20BBE8F4}.Release|Any CPU.ActiveCfg = Release|Any CPU
		{BE5AD35F-653B-4A6D-AF41-E0EF20BBE8F4}.Release|Any CPU.Build.0 = Release|Any CPU
	EndGlobalSection
	GlobalSection(SolutionProperties) = preSolution
		HideSolutionNode = FALSE
	EndGlobalSection
	GlobalSection(ExtensibilityGlobals) = postSolution
		SolutionGuid = {36DB8A4C-074C-4572-AC98-B5AF7D0453BC}
	EndGlobalSection
EndGlobal
